github.com/fevoritos/protos v0.0.0-20260216113257-1ee359b4d7a4 h1:LLBZbbwS2UFDqPAdg7TzjY9hHqsosSDpWmHgOhmUisc=
github.com/fevoritos/protos v0.0.0-20260216113257-1ee359b4d7a4/go.mod h1:3z6vI75aSCfZhZvHw2rQjOi3zUmYGpnnrU2Es13K+jk=
github.com/fevoritos/protos v0.0.1 h1:ePi5f+XAmdQbgJNcebgGLQ6nH/cF4Evm2DwKzh/Hx+8=
github.com/fevoritos/protos v0.0.1/go.mod h1:3z6vI75aSCfZhZvHw2rQjOi3zUmYGpnnrU2Es13K+jk=
